
Microsoft Visual Studio Solution File, Format Version 12.00
# Visual Studio Version 17
VisualStudioVersion = 17.6.33815.320
MinimumVisualStudioVersion = 10.0.40219.1
Project("{FAE04EC0-301F-11D3-BF4B-00C04F79EFBC}") = "RunningTracker", "RunningTracker\RunningTracker.csproj", "{E7BC5A14-9882-4521-B716-2404177ECFCF}"
EndProject
Project("{FAE04EC0-301F-11D3-BF4B-00C04F79EFBC}") = "RunningTracker.Application", "RunningTracker.Application\RunningTracker.Application.csproj", "{B478D465-8480-4866-BA1D-096A38143605}"
EndProject
Project("{FAE04EC0-301F-11D3-BF4B-00C04F79EFBC}") = "RunningTracker.Domain", "RunningTracker.Domain\RunningTracker.Domain.csproj", "{014DB534-C10D-4F0C-A9C8-5FB2B46A136E}"
EndProject
Project("{FAE04EC0-301F-11D3-BF4B-00C04F79EFBC}") = "RunningTracker.Infrastructure", "RunningTracker.Infrastructure\RunningTracker.Infrastructure.csproj", "{5E2E31D5-CDED-4925-9FC2-440A63EA07BB}"
EndProject
Global
	GlobalSection(SolutionConfigurationPlatforms) = preSolution
		Debug|Any CPU = Debug|Any CPU
		Release|Any CPU = Release|Any CPU
	EndGlobalSection
	GlobalSection(ProjectConfigurationPlatforms) = postSolution
		{E7BC5A14-9882-4521-B716-2404177ECFCF}.Debug|Any CPU.ActiveCfg = Debug|Any CPU
		{E7BC5A14-9882-4521-B716-2404177ECFCF}.Debug|Any CPU.Build.0 = Debug|Any CPU
		{E7BC5A14-9882-4521-B716-2404177ECFCF}.Release|Any CPU.ActiveCfg = Release|Any CPU
		{E7BC5A14-9882-4521-B716-2404177ECFCF}.Release|Any CPU.Build.0 = Release|Any CPU
		{B478D465-8480-4866-BA1D-096A38143605}.Debug|Any CPU.ActiveCfg = Debug|Any CPU
		{B478D465-8480-4866-BA1D-096A38143605}.Debug|Any CPU.Build.0 = Debug|Any CPU
		{B478D465-8480-4866-BA1D-096A38143605}.Release|Any CPU.ActiveCfg = Release|Any CPU
		{B478D465-8480-4866-BA1D-096A38143605}.Release|Any CPU.Build.0 = Release|Any CPU
		{014DB534-C10D-4F0C-A9C8-5FB2B46A136E}.Debug|Any CPU.ActiveCfg = Debug|Any CPU
		{014DB534-C10D-4F0C-A9C8-5FB2B46A136E}.Debug|Any CPU.Build.0 = Debug|Any CPU
		{014DB534-C10D-4F0C-A9C8-5FB2B46A136E}.Release|Any CPU.ActiveCfg = Release|Any CPU
		{014DB534-C10D-4F0C-A9C8-5FB2B46A136E}.Release|Any CPU.Build.0 = Release|Any CPU
		{5E2E31D5-CDED-4925-9FC2-440A63EA07BB}.Debug|Any CPU.ActiveCfg = Debug|Any CPU
		{5E2E31D5-CDED-4925-9FC2-440A63EA07BB}.Debug|Any CPU.Build.0 = Debug|Any CPU
		{5E2E31D5-CDED-4925-9FC2-440A63EA07BB}.Release|Any CPU.ActiveCfg = Release|Any CPU
		{5E2E31D5-CDED-4925-9FC2-440A63EA07BB}.Release|Any CPU.Build.0 = Release|Any CPU
	EndGlobalSection
	GlobalSection(SolutionProperties) = preSolution
		HideSolutionNode = FALSE
	EndGlobalSection
	GlobalSection(ExtensibilityGlobals) = postSolution
		SolutionGuid = {91343C80-B7AE-4A66-A7C4-D10086FD3913}
	EndGlobalSection
EndGlobal
